<Solution>
  <Configurations>
    <Platform Name="x64" />
    <Platform Name="x86" />
  </Configurations>
  <Project Path="audio-enhance/audio-enhance.vcxproj" Id="823073ea-1f08-4011-8d51-44995182acde" />
  <Project Path="tablet-driver/tablet-driver.vcxproj" Id="609644d8-bde5-4909-ad49-3b3ee7547173" />
</Solution>
