
Microsoft Visual Studio Solution File, Format Version 12.00
# Visual Studio Version 17
VisualStudioVersion = 17.4.33205.214
MinimumVisualStudioVersion = 10.0.40219.1
Project("{8BC9CEB8-8B4A-11D0-8D11-00A0C91BC942}") = "tablet-driver(wdf)", "tablet-driver(wdf)\tablet-driver(wdf).vcxproj", "{2A647947-85D6-4917-BCB1-CD522754F404}"
EndProject
Global
	GlobalSection(SolutionConfigurationPlatforms) = preSolution
		Debug|ARM64 = Debug|ARM64
		Debug|x64 = Debug|x64
		Debug|x86 = Debug|x86
		Release|ARM64 = Release|ARM64
		Release|x64 = Release|x64
		Release|x86 = Release|x86
	EndGlobalSection
	GlobalSection(ProjectConfigurationPlatforms) = postSolution
		{2A647947-85D6-4917-BCB1-CD522754F404}.Debug|ARM64.ActiveCfg = Debug|ARM64
		{2A647947-85D6-4917-BCB1-CD522754F404}.Debug|ARM64.Build.0 = Debug|ARM64
		{2A647947-85D6-4917-BCB1-CD522754F404}.Debug|ARM64.Deploy.0 = Debug|ARM64
		{2A647947-85D6-4917-BCB1-CD522754F404}.Debug|x64.ActiveCfg = Debug|x64
		{2A647947-85D6-4917-BCB1-CD522754F404}.Debug|x64.Build.0 = Debug|x64
		{2A647947-85D6-4917-BCB1-CD522754F404}.Debug|x64.Deploy.0 = Debug|x64
		{2A647947-85D6-4917-BCB1-CD522754F404}.Debug|x86.ActiveCfg = Debug|x64
		{2A647947-85D6-4917-BCB1-CD522754F404}.Debug|x86.Build.0 = Debug|x64
		{2A647947-85D6-4917-BCB1-CD522754F404}.Debug|x86.Deploy.0 = Debug|x64
		{2A647947-85D6-4917-BCB1-CD522754F404}.Release|ARM64.ActiveCfg = Release|ARM64
		{2A647947-85D6-4917-BCB1-CD522754F404}.Release|ARM64.Build.0 = Release|ARM64
		{2A647947-85D6-4917-BCB1-CD522754F404}.Release|ARM64.Deploy.0 = Release|ARM64
		{2A647947-85D6-4917-BCB1-CD522754F404}.Release|x64.ActiveCfg = Release|x64
		{2A647947-85D6-4917-BCB1-CD522754F404}.Release|x64.Build.0 = Release|x64
		{2A647947-85D6-4917-BCB1-CD522754F404}.Release|x64.Deploy.0 = Release|x64
		{2A647947-85D6-4917-BCB1-CD522754F404}.Release|x86.ActiveCfg = Release|x64
		{2A647947-85D6-4917-BCB1-CD522754F404}.Release|x86.Build.0 = Release|x64
		{2A647947-85D6-4917-BCB1-CD522754F404}.Release|x86.Deploy.0 = Release|x64
	EndGlobalSection
	GlobalSection(SolutionProperties) = preSolution
		HideSolutionNode = FALSE
	EndGlobalSection
	GlobalSection(ExtensibilityGlobals) = postSolution
		SolutionGuid = {E7A7D1E9-FE81-4FA7-AFD1-384FF0EFF58A}
	EndGlobalSection
EndGlobal
