<?xml version="1.0" encoding="utf-8"?>
<Project ToolsVersion="4.0" xmlns="http://schemas.microsoft.com/developer/msbuild/2003">
  <ItemGroup>
    <ClInclude Include="client.h" />
    <ClInclude Include="device.h" />
    <ClInclude Include="setting.h" />
    <ClInclude Include="tablet.h" />
    <ClInclude Include="vmulti.h" />
    <ClInclude Include="mouse.h" />
  </ItemGroup>
  <ItemGroup>
    <Filter Include="main">
      <UniqueIdentifier>{dc171fd0-7096-4946-b213-f4709d4f9ecb}</UniqueIdentifier>
    </Filter>
  </ItemGroup>
  <ItemGroup>
    <ClCompile Include="main.cpp">
      <Filter>main</Filter>
    </ClCompile>
  </ItemGroup>
</Project>