<?xml version="1.0" encoding="utf-8"?>
<Project ToolsVersion="4.0" xmlns="http://schemas.microsoft.com/developer/msbuild/2003">
  <ItemGroup>
    <Inf Include="tablet-driver.inf" />
  </ItemGroup>
  <ItemGroup>
    <ClCompile Include="driver.c">
      <Filter>Driver</Filter>
    </ClCompile>
  </ItemGroup>
  <ItemGroup>
    <ClInclude Include="driver.h">
      <Filter>Driver</Filter>
    </ClInclude>
  </ItemGroup>
  <ItemGroup>
    <Filter Include="Driver">
      <UniqueIdentifier>{c7381932-4b39-4737-a286-9a268f73c280}</UniqueIdentifier>
    </Filter>
  </ItemGroup>
</Project>